
Microsoft Visual Studio Solution File, Format Version 12.00
# Visual Studio 15
VisualStudioVersion = 15.0.28010.2036
MinimumVisualStudioVersion = 10.0.40219.1
Project("{2150E333-8FDC-42A3-9474-1A3956D46DE8}") = "Server", "Server", "{54FE2BEE-54B0-420C-94EE-96C2841B6E3C}"
EndProject
Project("{9A19103F-16F7-4668-BE54-9A1E7A4F7556}") = "ChatLa.Server", "ChatLa.Server\ChatLa.Server.csproj", "{CDB86120-97A5-42AB-BA21-9421830589B0}"
EndProject
Project("{2150E333-8FDC-42A3-9474-1A3956D46DE8}") = "Client", "Client", "{7778B23A-D79C-4927-8A7E-ABC015A4D00D}"
EndProject
Project("{FAE04EC0-301F-11D3-BF4B-00C04F79EFBC}") = "ChatLa.Client.Android", "ChatLa.Client\ChatLa.Client.Android\ChatLa.Client.Android.csproj", "{6F3DB23F-66B6-4F29-9E34-FB3C8DA8C6B5}"
EndProject
Project("{FAE04EC0-301F-11D3-BF4B-00C04F79EFBC}") = "ChatLa.Client.iOS", "ChatLa.Client\ChatLa.Client.iOS\ChatLa.Client.iOS.csproj", "{BA87E449-3FA8-4EAD-8F6D-6D243AA15350}"
EndProject
Project("{FAE04EC0-301F-11D3-BF4B-00C04F79EFBC}") = "ChatLa.Client.UWP", "ChatLa.Client\ChatLa.Client.UWP\ChatLa.Client.UWP.csproj", "{8FC08315-6207-4DCC-AC22-1C189AE263D0}"
EndProject
Project("{9A19103F-16F7-4668-BE54-9A1E7A4F7556}") = "ChatLa.Client", "ChatLa.Client\ChatLa.Client\ChatLa.Client.csproj", "{C8C390C2-28BD-4A61-8401-7895BEDE3145}"
EndProject
Project("{2150E333-8FDC-42A3-9474-1A3956D46DE8}") = "CommonLibrary", "CommonLibrary", "{89D4AE81-99DE-4522-AA07-80E74CF68851}"
EndProject
Project("{9A19103F-16F7-4668-BE54-9A1E7A4F7556}") = "Common_Library", "CommonLibrary\Common_Library\Common_Library.csproj", "{4F414718-4E50-402A-A543-998930BB6BD8}"
EndProject
Global
	GlobalSection(SolutionConfigurationPlatforms) = preSolution
		Ad-Hoc|Any CPU = Ad-Hoc|Any CPU
		Ad-Hoc|ARM = Ad-Hoc|ARM
		Ad-Hoc|iPhone = Ad-Hoc|iPhone
		Ad-Hoc|iPhoneSimulator = Ad-Hoc|iPhoneSimulator
		Ad-Hoc|x64 = Ad-Hoc|x64
		Ad-Hoc|x86 = Ad-Hoc|x86
		AppStore|Any CPU = AppStore|Any CPU
		AppStore|ARM = AppStore|ARM
		AppStore|iPhone = AppStore|iPhone
		AppStore|iPhoneSimulator = AppStore|iPhoneSimulator
		AppStore|x64 = AppStore|x64
		AppStore|x86 = AppStore|x86
		Debug|Any CPU = Debug|Any CPU
		Debug|ARM = Debug|ARM
		Debug|iPhone = Debug|iPhone
		Debug|iPhoneSimulator = Debug|iPhoneSimulator
		Debug|x64 = Debug|x64
		Debug|x86 = Debug|x86
		Release|Any CPU = Release|Any CPU
		Release|ARM = Release|ARM
		Release|iPhone = Release|iPhone
		Release|iPhoneSimulator = Release|iPhoneSimulator
		Release|x64 = Release|x64
		Release|x86 = Release|x86
	EndGlobalSection
	GlobalSection(ProjectConfigurationPlatforms) = postSolution
		{CDB86120-97A5-42AB-BA21-9421830589B0}.Ad-Hoc|Any CPU.ActiveCfg = Debug|Any CPU
		{CDB86120-97A5-42AB-BA21-9421830589B0}.Ad-Hoc|Any CPU.Build.0 = Debug|Any CPU
		{CDB86120-97A5-42AB-BA21-9421830589B0}.Ad-Hoc|ARM.ActiveCfg = Debug|Any CPU
		{CDB86120-97A5-42AB-BA21-9421830589B0}.Ad-Hoc|ARM.Build.0 = Debug|Any CPU
		{CDB86120-97A5-42AB-BA21-9421830589B0}.Ad-Hoc|iPhone.ActiveCfg = Debug|Any CPU
		{CDB86120-97A5-42AB-BA21-9421830589B0}.Ad-Hoc|iPhone.Build.0 = Debug|Any CPU
		{CDB86120-97A5-42AB-BA21-9421830589B0}.Ad-Hoc|iPhoneSimulator.ActiveCfg = Debug|Any CPU
		{CDB86120-97A5-42AB-BA21-9421830589B0}.Ad-Hoc|iPhoneSimulator.Build.0 = Debug|Any CPU
		{CDB86120-97A5-42AB-BA21-9421830589B0}.Ad-Hoc|x64.ActiveCfg = Debug|Any CPU
		{CDB86120-97A5-42AB-BA21-9421830589B0}.Ad-Hoc|x64.Build.0 = Debug|Any CPU
		{CDB86120-97A5-42AB-BA21-9421830589B0}.Ad-Hoc|x86.ActiveCfg = Debug|Any CPU
		{CDB86120-97A5-42AB-BA21-9421830589B0}.Ad-Hoc|x86.Build.0 = Debug|Any CPU
		{CDB86120-97A5-42AB-BA21-9421830589B0}.AppStore|Any CPU.ActiveCfg = Debug|Any CPU
		{CDB86120-97A5-42AB-BA21-9421830589B0}.AppStore|Any CPU.Build.0 = Debug|Any CPU
		{CDB86120-97A5-42AB-BA21-9421830589B0}.AppStore|ARM.ActiveCfg = Debug|Any CPU
		{CDB86120-97A5-42AB-BA21-9421830589B0}.AppStore|ARM.Build.0 = Debug|Any CPU
		{CDB86120-97A5-42AB-BA21-9421830589B0}.AppStore|iPhone.ActiveCfg = Debug|Any CPU
		{CDB86120-97A5-42AB-BA21-9421830589B0}.AppStore|iPhone.Build.0 = Debug|Any CPU
		{CDB86120-97A5-42AB-BA21-9421830589B0}.AppStore|iPhoneSimulator.ActiveCfg = Debug|Any CPU
		{CDB86120-97A5-42AB-BA21-9421830589B0}.AppStore|iPhoneSimulator.Build.0 = Debug|Any CPU
		{CDB86120-97A5-42AB-BA21-9421830589B0}.AppStore|x64.ActiveCfg = Debug|Any CPU
		{CDB86120-97A5-42AB-BA21-9421830589B0}.AppStore|x64.Build.0 = Debug|Any CPU
		{CDB86120-97A5-42AB-BA21-9421830589B0}.AppStore|x86.ActiveCfg = Debug|Any CPU
		{CDB86120-97A5-42AB-BA21-9421830589B0}.AppStore|x86.Build.0 = Debug|Any CPU
		{CDB86120-97A5-42AB-BA21-9421830589B0}.Debug|Any CPU.ActiveCfg = Debug|Any CPU
		{CDB86120-97A5-42AB-BA21-9421830589B0}.Debug|Any CPU.Build.0 = Debug|Any CPU
		{CDB86120-97A5-42AB-BA21-9421830589B0}.Debug|ARM.ActiveCfg = Debug|Any CPU
		{CDB86120-97A5-42AB-BA21-9421830589B0}.Debug|ARM.Build.0 = Debug|Any CPU
		{CDB86120-97A5-42AB-BA21-9421830589B0}.Debug|iPhone.ActiveCfg = Debug|Any CPU
		{CDB86120-97A5-42AB-BA21-9421830589B0}.Debug|iPhone.Build.0 = Debug|Any CPU
		{CDB86120-97A5-42AB-BA21-9421830589B0}.Debug|iPhoneSimulator.ActiveCfg = Debug|Any CPU
		{CDB86120-97A5-42AB-BA21-9421830589B0}.Debug|iPhoneSimulator.Build.0 = Debug|Any CPU
		{CDB86120-97A5-42AB-BA21-9421830589B0}.Debug|x64.ActiveCfg = Debug|Any CPU
		{CDB86120-97A5-42AB-BA21-9421830589B0}.Debug|x64.Build.0 = Debug|Any CPU
		{CDB86120-97A5-42AB-BA21-9421830589B0}.Debug|x86.ActiveCfg = Debug|Any CPU
		{CDB86120-97A5-42AB-BA21-9421830589B0}.Debug|x86.Build.0 = Debug|Any CPU
		{CDB86120-97A5-42AB-BA21-9421830589B0}.Release|Any CPU.ActiveCfg = Release|Any CPU
		{CDB86120-97A5-42AB-BA21-9421830589B0}.Release|Any CPU.Build.0 = Release|Any CPU
		{CDB86120-97A5-42AB-BA21-9421830589B0}.Release|ARM.ActiveCfg = Release|Any CPU
		{CDB86120-97A5-42AB-BA21-9421830589B0}.Release|ARM.Build.0 = Release|Any CPU
		{CDB86120-97A5-42AB-BA21-9421830589B0}.Release|iPhone.ActiveCfg = Release|Any CPU
		{CDB86120-97A5-42AB-BA21-9421830589B0}.Release|iPhone.Build.0 = Release|Any CPU
		{CDB86120-97A5-42AB-BA21-9421830589B0}.Release|iPhoneSimulator.ActiveCfg = Release|Any CPU
		{CDB86120-97A5-42AB-BA21-9421830589B0}.Release|iPhoneSimulator.Build.0 = Release|Any CPU
		{CDB86120-97A5-42AB-BA21-9421830589B0}.Release|x64.ActiveCfg = Release|Any CPU
		{CDB86120-97A5-42AB-BA21-9421830589B0}.Release|x64.Build.0 = Release|Any CPU
		{CDB86120-97A5-42AB-BA21-9421830589B0}.Release|x86.ActiveCfg = Release|Any CPU
		{CDB86120-97A5-42AB-BA21-9421830589B0}.Release|x86.Build.0 = Release|Any CPU
		{6F3DB23F-66B6-4F29-9E34-FB3C8DA8C6B5}.Ad-Hoc|Any CPU.ActiveCfg = Release|Any CPU
		{6F3DB23F-66B6-4F29-9E34-FB3C8DA8C6B5}.Ad-Hoc|Any CPU.Build.0 = Release|Any CPU
		{6F3DB23F-66B6-4F29-9E34-FB3C8DA8C6B5}.Ad-Hoc|Any CPU.Deploy.0 = Release|Any CPU
		{6F3DB23F-66B6-4F29-9E34-FB3C8DA8C6B5}.Ad-Hoc|ARM.ActiveCfg = Release|Any CPU
		{6F3DB23F-66B6-4F29-9E34-FB3C8DA8C6B5}.Ad-Hoc|ARM.Build.0 = Release|Any CPU
		{6F3DB23F-66B6-4F29-9E34-FB3C8DA8C6B5}.Ad-Hoc|ARM.Deploy.0 = Release|Any CPU
		{6F3DB23F-66B6-4F29-9E34-FB3C8DA8C6B5}.Ad-Hoc|iPhone.ActiveCfg = Release|Any CPU
		{6F3DB23F-66B6-4F29-9E34-FB3C8DA8C6B5}.Ad-Hoc|iPhone.Build.0 = Release|Any CPU
		{6F3DB23F-66B6-4F29-9E34-FB3C8DA8C6B5}.Ad-Hoc|iPhone.Deploy.0 = Release|Any CPU
		{6F3DB23F-66B6-4F29-9E34-FB3C8DA8C6B5}.Ad-Hoc|iPhoneSimulator.ActiveCfg = Release|Any CPU
		{6F3DB23F-66B6-4F29-9E34-FB3C8DA8C6B5}.Ad-Hoc|iPhoneSimulator.Build.0 = Release|Any CPU
		{6F3DB23F-66B6-4F29-9E34-FB3C8DA8C6B5}.Ad-Hoc|iPhoneSimulator.Deploy.0 = Release|Any CPU
		{6F3DB23F-66B6-4F29-9E34-FB3C8DA8C6B5}.Ad-Hoc|x64.ActiveCfg = Release|Any CPU
		{6F3DB23F-66B6-4F29-9E34-FB3C8DA8C6B5}.Ad-Hoc|x64.Build.0 = Release|Any CPU
		{6F3DB23F-66B6-4F29-9E34-FB3C8DA8C6B5}.Ad-Hoc|x64.Deploy.0 = Release|Any CPU
		{6F3DB23F-66B6-4F29-9E34-FB3C8DA8C6B5}.Ad-Hoc|x86.ActiveCfg = Release|Any CPU
		{6F3DB23F-66B6-4F29-9E34-FB3C8DA8C6B5}.Ad-Hoc|x86.Build.0 = Release|Any CPU
		{6F3DB23F-66B6-4F29-9E34-FB3C8DA8C6B5}.Ad-Hoc|x86.Deploy.0 = Release|Any CPU
		{6F3DB23F-66B6-4F29-9E34-FB3C8DA8C6B5}.AppStore|Any CPU.ActiveCfg = Release|Any CPU
		{6F3DB23F-66B6-4F29-9E34-FB3C8DA8C6B5}.AppStore|Any CPU.Build.0 = Release|Any CPU
		{6F3DB23F-66B6-4F29-9E34-FB3C8DA8C6B5}.AppStore|Any CPU.Deploy.0 = Release|Any CPU
		{6F3DB23F-66B6-4F29-9E34-FB3C8DA8C6B5}.AppStore|ARM.ActiveCfg = Release|Any CPU
		{6F3DB23F-66B6-4F29-9E34-FB3C8DA8C6B5}.AppStore|ARM.Build.0 = Release|Any CPU
		{6F3DB23F-66B6-4F29-9E34-FB3C8DA8C6B5}.AppStore|ARM.Deploy.0 = Release|Any CPU
		{6F3DB23F-66B6-4F29-9E34-FB3C8DA8C6B5}.AppStore|iPhone.ActiveCfg = Release|Any CPU
		{6F3DB23F-66B6-4F29-9E34-FB3C8DA8C6B5}.AppStore|iPhone.Build.0 = Release|Any CPU
		{6F3DB23F-66B6-4F29-9E34-FB3C8DA8C6B5}.AppStore|iPhone.Deploy.0 = Release|Any CPU
		{6F3DB23F-66B6-4F29-9E34-FB3C8DA8C6B5}.AppStore|iPhoneSimulator.ActiveCfg = Release|Any CPU
		{6F3DB23F-66B6-4F29-9E34-FB3C8DA8C6B5}.AppStore|iPhoneSimulator.Build.0 = Release|Any CPU
		{6F3DB23F-66B6-4F29-9E34-FB3C8DA8C6B5}.AppStore|iPhoneSimulator.Deploy.0 = Release|Any CPU
		{6F3DB23F-66B6-4F29-9E34-FB3C8DA8C6B5}.AppStore|x64.ActiveCfg = Release|Any CPU
		{6F3DB23F-66B6-4F29-9E34-FB3C8DA8C6B5}.AppStore|x64.Build.0 = Release|Any CPU
		{6F3DB23F-66B6-4F29-9E34-FB3C8DA8C6B5}.AppStore|x64.Deploy.0 = Release|Any CPU
		{6F3DB23F-66B6-4F29-9E34-FB3C8DA8C6B5}.AppStore|x86.ActiveCfg = Release|Any CPU
		{6F3DB23F-66B6-4F29-9E34-FB3C8DA8C6B5}.AppStore|x86.Build.0 = Release|Any CPU
		{6F3DB23F-66B6-4F29-9E34-FB3C8DA8C6B5}.AppStore|x86.Deploy.0 = Release|Any CPU
		{6F3DB23F-66B6-4F29-9E34-FB3C8DA8C6B5}.Debug|Any CPU.ActiveCfg = Debug|Any CPU
		{6F3DB23F-66B6-4F29-9E34-FB3C8DA8C6B5}.Debug|Any CPU.Build.0 = Debug|Any CPU
		{6F3DB23F-66B6-4F29-9E34-FB3C8DA8C6B5}.Debug|Any CPU.Deploy.0 = Debug|Any CPU
		{6F3DB23F-66B6-4F29-9E34-FB3C8DA8C6B5}.Debug|ARM.ActiveCfg = Debug|Any CPU
		{6F3DB23F-66B6-4F29-9E34-FB3C8DA8C6B5}.Debug|ARM.Build.0 = Debug|Any CPU
		{6F3DB23F-66B6-4F29-9E34-FB3C8DA8C6B5}.Debug|ARM.Deploy.0 = Debug|Any CPU
		{6F3DB23F-66B6-4F29-9E34-FB3C8DA8C6B5}.Debug|iPhone.ActiveCfg = Debug|Any CPU
		{6F3DB23F-66B6-4F29-9E34-FB3C8DA8C6B5}.Debug|iPhone.Build.0 = Debug|Any CPU
		{6F3DB23F-66B6-4F29-9E34-FB3C8DA8C6B5}.Debug|iPhone.Deploy.0 = Debug|Any CPU
		{6F3DB23F-66B6-4F29-9E34-FB3C8DA8C6B5}.Debug|iPhoneSimulator.ActiveCfg = Debug|Any CPU
		{6F3DB23F-66B6-4F29-9E34-FB3C8DA8C6B5}.Debug|iPhoneSimulator.Build.0 = Debug|Any CPU
		{6F3DB23F-66B6-4F29-9E34-FB3C8DA8C6B5}.Debug|iPhoneSimulator.Deploy.0 = Debug|Any CPU
		{6F3DB23F-66B6-4F29-9E34-FB3C8DA8C6B5}.Debug|x64.ActiveCfg = Debug|Any CPU
		{6F3DB23F-66B6-4F29-9E34-FB3C8DA8C6B5}.Debug|x64.Build.0 = Debug|Any CPU
		{6F3DB23F-66B6-4F29-9E34-FB3C8DA8C6B5}.Debug|x64.Deploy.0 = Debug|Any CPU
		{6F3DB23F-66B6-4F29-9E34-FB3C8DA8C6B5}.Debug|x86.ActiveCfg = Debug|Any CPU
		{6F3DB23F-66B6-4F29-9E34-FB3C8DA8C6B5}.Debug|x86.Build.0 = Debug|Any CPU
		{6F3DB23F-66B6-4F29-9E34-FB3C8DA8C6B5}.Debug|x86.Deploy.0 = Debug|Any CPU
		{6F3DB23F-66B6-4F29-9E34-FB3C8DA8C6B5}.Release|Any CPU.ActiveCfg = Release|Any CPU
		{6F3DB23F-66B6-4F29-9E34-FB3C8DA8C6B5}.Release|Any CPU.Build.0 = Release|Any CPU
		{6F3DB23F-66B6-4F29-9E34-FB3C8DA8C6B5}.Release|Any CPU.Deploy.0 = Release|Any CPU
		{6F3DB23F-66B6-4F29-9E34-FB3C8DA8C6B5}.Release|ARM.ActiveCfg = Release|Any CPU
		{6F3DB23F-66B6-4F29-9E34-FB3C8DA8C6B5}.Release|ARM.Build.0 = Release|Any CPU
		{6F3DB23F-66B6-4F29-9E34-FB3C8DA8C6B5}.Release|ARM.Deploy.0 = Release|Any CPU
		{6F3DB23F-66B6-4F29-9E34-FB3C8DA8C6B5}.Release|iPhone.ActiveCfg = Release|Any CPU
		{6F3DB23F-66B6-4F29-9E34-FB3C8DA8C6B5}.Release|iPhone.Build.0 = Release|Any CPU
		{6F3DB23F-66B6-4F29-9E34-FB3C8DA8C6B5}.Release|iPhone.Deploy.0 = Release|Any CPU
		{6F3DB23F-66B6-4F29-9E34-FB3C8DA8C6B5}.Release|iPhoneSimulator.ActiveCfg = Release|Any CPU
		{6F3DB23F-66B6-4F29-9E34-FB3C8DA8C6B5}.Release|iPhoneSimulator.Build.0 = Release|Any CPU
		{6F3DB23F-66B6-4F29-9E34-FB3C8DA8C6B5}.Release|iPhoneSimulator.Deploy.0 = Release|Any CPU
		{6F3DB23F-66B6-4F29-9E34-FB3C8DA8C6B5}.Release|x64.ActiveCfg = Release|Any CPU
		{6F3DB23F-66B6-4F29-9E34-FB3C8DA8C6B5}.Release|x64.Build.0 = Release|Any CPU
		{6F3DB23F-66B6-4F29-9E34-FB3C8DA8C6B5}.Release|x64.Deploy.0 = Release|Any CPU
		{6F3DB23F-66B6-4F29-9E34-FB3C8DA8C6B5}.Release|x86.ActiveCfg = Release|Any CPU
		{6F3DB23F-66B6-4F29-9E34-FB3C8DA8C6B5}.Release|x86.Build.0 = Release|Any CPU
		{6F3DB23F-66B6-4F29-9E34-FB3C8DA8C6B5}.Release|x86.Deploy.0 = Release|Any CPU
		{BA87E449-3FA8-4EAD-8F6D-6D243AA15350}.Ad-Hoc|Any CPU.ActiveCfg = Ad-Hoc|iPhone
		{BA87E449-3FA8-4EAD-8F6D-6D243AA15350}.Ad-Hoc|ARM.ActiveCfg = Ad-Hoc|iPhone
		{BA87E449-3FA8-4EAD-8F6D-6D243AA15350}.Ad-Hoc|iPhone.ActiveCfg = Ad-Hoc|iPhone
		{BA87E449-3FA8-4EAD-8F6D-6D243AA15350}.Ad-Hoc|iPhone.Build.0 = Ad-Hoc|iPhone
		{BA87E449-3FA8-4EAD-8F6D-6D243AA15350}.Ad-Hoc|iPhoneSimulator.ActiveCfg = Ad-Hoc|iPhoneSimulator
		{BA87E449-3FA8-4EAD-8F6D-6D243AA15350}.Ad-Hoc|iPhoneSimulator.Build.0 = Ad-Hoc|iPhoneSimulator
		{BA87E449-3FA8-4EAD-8F6D-6D243AA15350}.Ad-Hoc|x64.ActiveCfg = Ad-Hoc|iPhone
		{BA87E449-3FA8-4EAD-8F6D-6D243AA15350}.Ad-Hoc|x86.ActiveCfg = Ad-Hoc|iPhone
		{BA87E449-3FA8-4EAD-8F6D-6D243AA15350}.AppStore|Any CPU.ActiveCfg = AppStore|iPhone
		{BA87E449-3FA8-4EAD-8F6D-6D243AA15350}.AppStore|ARM.ActiveCfg = AppStore|iPhone
		{BA87E449-3FA8-4EAD-8F6D-6D243AA15350}.AppStore|iPhone.ActiveCfg = AppStore|iPhone
		{BA87E449-3FA8-4EAD-8F6D-6D243AA15350}.AppStore|iPhone.Build.0 = AppStore|iPhone
		{BA87E449-3FA8-4EAD-8F6D-6D243AA15350}.AppStore|iPhoneSimulator.ActiveCfg = AppStore|iPhoneSimulator
		{BA87E449-3FA8-4EAD-8F6D-6D243AA15350}.AppStore|iPhoneSimulator.Build.0 = AppStore|iPhoneSimulator
		{BA87E449-3FA8-4EAD-8F6D-6D243AA15350}.AppStore|x64.ActiveCfg = AppStore|iPhone
		{BA87E449-3FA8-4EAD-8F6D-6D243AA15350}.AppStore|x86.ActiveCfg = AppStore|iPhone
		{BA87E449-3FA8-4EAD-8F6D-6D243AA15350}.Debug|Any CPU.ActiveCfg = Debug|iPhone
		{BA87E449-3FA8-4EAD-8F6D-6D243AA15350}.Debug|Any CPU.Build.0 = Debug|iPhone
		{BA87E449-3FA8-4EAD-8F6D-6D243AA15350}.Debug|ARM.ActiveCfg = Debug|iPhone
		{BA87E449-3FA8-4EAD-8F6D-6D243AA15350}.Debug|iPhone.ActiveCfg = Debug|iPhone
		{BA87E449-3FA8-4EAD-8F6D-6D243AA15350}.Debug|iPhone.Build.0 = Debug|iPhone
		{BA87E449-3FA8-4EAD-8F6D-6D243AA15350}.Debug|iPhoneSimulator.ActiveCfg = Debug|iPhone
		{BA87E449-3FA8-4EAD-8F6D-6D243AA15350}.Debug|iPhoneSimulator.Build.0 = Debug|iPhone
		{BA87E449-3FA8-4EAD-8F6D-6D243AA15350}.Debug|x64.ActiveCfg = Debug|iPhone
		{BA87E449-3FA8-4EAD-8F6D-6D243AA15350}.Debug|x86.ActiveCfg = Debug|iPhone
		{BA87E449-3FA8-4EAD-8F6D-6D243AA15350}.Debug|x86.Build.0 = Debug|iPhone
		{BA87E449-3FA8-4EAD-8F6D-6D243AA15350}.Release|Any CPU.ActiveCfg = Release|iPhone
		{BA87E449-3FA8-4EAD-8F6D-6D243AA15350}.Release|ARM.ActiveCfg = Release|iPhone
		{BA87E449-3FA8-4EAD-8F6D-6D243AA15350}.Release|iPhone.ActiveCfg = Release|iPhone
		{BA87E449-3FA8-4EAD-8F6D-6D243AA15350}.Release|iPhone.Build.0 = Release|iPhone
		{BA87E449-3FA8-4EAD-8F6D-6D243AA15350}.Release|iPhoneSimulator.ActiveCfg = Release|iPhoneSimulator
		{BA87E449-3FA8-4EAD-8F6D-6D243AA15350}.Release|iPhoneSimulator.Build.0 = Release|iPhoneSimulator
		{BA87E449-3FA8-4EAD-8F6D-6D243AA15350}.Release|x64.ActiveCfg = Release|iPhone
		{BA87E449-3FA8-4EAD-8F6D-6D243AA15350}.Release|x86.ActiveCfg = Release|iPhone
		{8FC08315-6207-4DCC-AC22-1C189AE263D0}.Ad-Hoc|Any CPU.ActiveCfg = Release|x86
		{8FC08315-6207-4DCC-AC22-1C189AE263D0}.Ad-Hoc|Any CPU.Build.0 = Release|x86
		{8FC08315-6207-4DCC-AC22-1C189AE263D0}.Ad-Hoc|Any CPU.Deploy.0 = Release|x86
		{8FC08315-6207-4DCC-AC22-1C189AE263D0}.Ad-Hoc|ARM.ActiveCfg = Release|ARM
		{8FC08315-6207-4DCC-AC22-1C189AE263D0}.Ad-Hoc|ARM.Build.0 = Release|ARM
		{8FC08315-6207-4DCC-AC22-1C189AE263D0}.Ad-Hoc|ARM.Deploy.0 = Release|ARM
		{8FC08315-6207-4DCC-AC22-1C189AE263D0}.Ad-Hoc|iPhone.ActiveCfg = Release|x86
		{8FC08315-6207-4DCC-AC22-1C189AE263D0}.Ad-Hoc|iPhone.Build.0 = Release|x86
		{8FC08315-6207-4DCC-AC22-1C189AE263D0}.Ad-Hoc|iPhone.Deploy.0 = Release|x86
		{8FC08315-6207-4DCC-AC22-1C189AE263D0}.Ad-Hoc|iPhoneSimulator.ActiveCfg = Release|x86
		{8FC08315-6207-4DCC-AC22-1C189AE263D0}.Ad-Hoc|iPhoneSimulator.Build.0 = Release|x86
		{8FC08315-6207-4DCC-AC22-1C189AE263D0}.Ad-Hoc|iPhoneSimulator.Deploy.0 = Release|x86
		{8FC08315-6207-4DCC-AC22-1C189AE263D0}.Ad-Hoc|x64.ActiveCfg = Release|x64
		{8FC08315-6207-4DCC-AC22-1C189AE263D0}.Ad-Hoc|x64.Build.0 = Release|x64
		{8FC08315-6207-4DCC-AC22-1C189AE263D0}.Ad-Hoc|x64.Deploy.0 = Release|x64
		{8FC08315-6207-4DCC-AC22-1C189AE263D0}.Ad-Hoc|x86.ActiveCfg = Release|x86
		{8FC08315-6207-4DCC-AC22-1C189AE263D0}.Ad-Hoc|x86.Build.0 = Release|x86
		{8FC08315-6207-4DCC-AC22-1C189AE263D0}.Ad-Hoc|x86.Deploy.0 = Release|x86
		{8FC08315-6207-4DCC-AC22-1C189AE263D0}.AppStore|Any CPU.ActiveCfg = Release|x86
		{8FC08315-6207-4DCC-AC22-1C189AE263D0}.AppStore|Any CPU.Build.0 = Release|x86
		{8FC08315-6207-4DCC-AC22-1C189AE263D0}.AppStore|Any CPU.Deploy.0 = Release|x86
		{8FC08315-6207-4DCC-AC22-1C189AE263D0}.AppStore|ARM.ActiveCfg = Release|ARM
		{8FC08315-6207-4DCC-AC22-1C189AE263D0}.AppStore|ARM.Build.0 = Release|ARM
		{8FC08315-6207-4DCC-AC22-1C189AE263D0}.AppStore|ARM.Deploy.0 = Release|ARM
		{8FC08315-6207-4DCC-AC22-1C189AE263D0}.AppStore|iPhone.ActiveCfg = Release|x86
		{8FC08315-6207-4DCC-AC22-1C189AE263D0}.AppStore|iPhone.Build.0 = Release|x86
		{8FC08315-6207-4DCC-AC22-1C189AE263D0}.AppStore|iPhone.Deploy.0 = Release|x86
		{8FC08315-6207-4DCC-AC22-1C189AE263D0}.AppStore|iPhoneSimulator.ActiveCfg = Release|x86
		{8FC08315-6207-4DCC-AC22-1C189AE263D0}.AppStore|iPhoneSimulator.Build.0 = Release|x86
		{8FC08315-6207-4DCC-AC22-1C189AE263D0}.AppStore|iPhoneSimulator.Deploy.0 = Release|x86
		{8FC08315-6207-4DCC-AC22-1C189AE263D0}.AppStore|x64.ActiveCfg = Release|x64
		{8FC08315-6207-4DCC-AC22-1C189AE263D0}.AppStore|x64.Build.0 = Release|x64
		{8FC08315-6207-4DCC-AC22-1C189AE263D0}.AppStore|x64.Deploy.0 = Release|x64
		{8FC08315-6207-4DCC-AC22-1C189AE263D0}.AppStore|x86.ActiveCfg = Release|x86
		{8FC08315-6207-4DCC-AC22-1C189AE263D0}.AppStore|x86.Build.0 = Release|x86
		{8FC08315-6207-4DCC-AC22-1C189AE263D0}.AppStore|x86.Deploy.0 = Release|x86
		{8FC08315-6207-4DCC-AC22-1C189AE263D0}.Debug|Any CPU.ActiveCfg = Debug|x86
		{8FC08315-6207-4DCC-AC22-1C189AE263D0}.Debug|Any CPU.Build.0 = Debug|x86
		{8FC08315-6207-4DCC-AC22-1C189AE263D0}.Debug|Any CPU.Deploy.0 = Debug|x86
		{8FC08315-6207-4DCC-AC22-1C189AE263D0}.Debug|ARM.ActiveCfg = Debug|ARM
		{8FC08315-6207-4DCC-AC22-1C189AE263D0}.Debug|ARM.Build.0 = Debug|ARM
		{8FC08315-6207-4DCC-AC22-1C189AE263D0}.Debug|ARM.Deploy.0 = Debug|ARM
		{8FC08315-6207-4DCC-AC22-1C189AE263D0}.Debug|iPhone.ActiveCfg = Debug|x86
		{8FC08315-6207-4DCC-AC22-1C189AE263D0}.Debug|iPhone.Build.0 = Debug|x86
		{8FC08315-6207-4DCC-AC22-1C189AE263D0}.Debug|iPhone.Deploy.0 = Debug|x86
		{8FC08315-6207-4DCC-AC22-1C189AE263D0}.Debug|iPhoneSimulator.ActiveCfg = Debug|x86
		{8FC08315-6207-4DCC-AC22-1C189AE263D0}.Debug|iPhoneSimulator.Build.0 = Debug|x86
		{8FC08315-6207-4DCC-AC22-1C189AE263D0}.Debug|iPhoneSimulator.Deploy.0 = Debug|x86
		{8FC08315-6207-4DCC-AC22-1C189AE263D0}.Debug|x64.ActiveCfg = Debug|x64
		{8FC08315-6207-4DCC-AC22-1C189AE263D0}.Debug|x64.Build.0 = Debug|x64
		{8FC08315-6207-4DCC-AC22-1C189AE263D0}.Debug|x64.Deploy.0 = Debug|x64
		{8FC08315-6207-4DCC-AC22-1C189AE263D0}.Debug|x86.ActiveCfg = Debug|x86
		{8FC08315-6207-4DCC-AC22-1C189AE263D0}.Debug|x86.Build.0 = Debug|x86
		{8FC08315-6207-4DCC-AC22-1C189AE263D0}.Debug|x86.Deploy.0 = Debug|x86
		{8FC08315-6207-4DCC-AC22-1C189AE263D0}.Release|Any CPU.ActiveCfg = Release|x86
		{8FC08315-6207-4DCC-AC22-1C189AE263D0}.Release|ARM.ActiveCfg = Release|ARM
		{8FC08315-6207-4DCC-AC22-1C189AE263D0}.Release|ARM.Build.0 = Release|ARM
		{8FC08315-6207-4DCC-AC22-1C189AE263D0}.Release|ARM.Deploy.0 = Release|ARM
		{8FC08315-6207-4DCC-AC22-1C189AE263D0}.Release|iPhone.ActiveCfg = Release|x86
		{8FC08315-6207-4DCC-AC22-1C189AE263D0}.Release|iPhoneSimulator.ActiveCfg = Release|x86
		{8FC08315-6207-4DCC-AC22-1C189AE263D0}.Release|x64.ActiveCfg = Release|x64
		{8FC08315-6207-4DCC-AC22-1C189AE263D0}.Release|x64.Build.0 = Release|x64
		{8FC08315-6207-4DCC-AC22-1C189AE263D0}.Release|x64.Deploy.0 = Release|x64
		{8FC08315-6207-4DCC-AC22-1C189AE263D0}.Release|x86.ActiveCfg = Release|x86
		{8FC08315-6207-4DCC-AC22-1C189AE263D0}.Release|x86.Build.0 = Release|x86
		{8FC08315-6207-4DCC-AC22-1C189AE263D0}.Release|x86.Deploy.0 = Release|x86
		{C8C390C2-28BD-4A61-8401-7895BEDE3145}.Ad-Hoc|Any CPU.ActiveCfg = Debug|Any CPU
		{C8C390C2-28BD-4A61-8401-7895BEDE3145}.Ad-Hoc|Any CPU.Build.0 = Debug|Any CPU
		{C8C390C2-28BD-4A61-8401-7895BEDE3145}.Ad-Hoc|ARM.ActiveCfg = Debug|Any CPU
		{C8C390C2-28BD-4A61-8401-7895BEDE3145}.Ad-Hoc|ARM.Build.0 = Debug|Any CPU
		{C8C390C2-28BD-4A61-8401-7895BEDE3145}.Ad-Hoc|iPhone.ActiveCfg = Debug|Any CPU
		{C8C390C2-28BD-4A61-8401-7895BEDE3145}.Ad-Hoc|iPhone.Build.0 = Debug|Any CPU
		{C8C390C2-28BD-4A61-8401-7895BEDE3145}.Ad-Hoc|iPhoneSimulator.ActiveCfg = Debug|Any CPU
		{C8C390C2-28BD-4A61-8401-7895BEDE3145}.Ad-Hoc|iPhoneSimulator.Build.0 = Debug|Any CPU
		{C8C390C2-28BD-4A61-8401-7895BEDE3145}.Ad-Hoc|x64.ActiveCfg = Debug|Any CPU
		{C8C390C2-28BD-4A61-8401-7895BEDE3145}.Ad-Hoc|x64.Build.0 = Debug|Any CPU
		{C8C390C2-28BD-4A61-8401-7895BEDE3145}.Ad-Hoc|x86.ActiveCfg = Debug|Any CPU
		{C8C390C2-28BD-4A61-8401-7895BEDE3145}.Ad-Hoc|x86.Build.0 = Debug|Any CPU
		{C8C390C2-28BD-4A61-8401-7895BEDE3145}.AppStore|Any CPU.ActiveCfg = Debug|Any CPU
		{C8C390C2-28BD-4A61-8401-7895BEDE3145}.AppStore|Any CPU.Build.0 = Debug|Any CPU
		{C8C390C2-28BD-4A61-8401-7895BEDE3145}.AppStore|ARM.ActiveCfg = Debug|Any CPU
		{C8C390C2-28BD-4A61-8401-7895BEDE3145}.AppStore|ARM.Build.0 = Debug|Any CPU
		{C8C390C2-28BD-4A61-8401-7895BEDE3145}.AppStore|iPhone.ActiveCfg = Debug|Any CPU
		{C8C390C2-28BD-4A61-8401-7895BEDE3145}.AppStore|iPhone.Build.0 = Debug|Any CPU
		{C8C390C2-28BD-4A61-8401-7895BEDE3145}.AppStore|iPhoneSimulator.ActiveCfg = Debug|Any CPU
		{C8C390C2-28BD-4A61-8401-7895BEDE3145}.AppStore|iPhoneSimulator.Build.0 = Debug|Any CPU
		{C8C390C2-28BD-4A61-8401-7895BEDE3145}.AppStore|x64.ActiveCfg = Debug|Any CPU
		{C8C390C2-28BD-4A61-8401-7895BEDE3145}.AppStore|x64.Build.0 = Debug|Any CPU
		{C8C390C2-28BD-4A61-8401-7895BEDE3145}.AppStore|x86.ActiveCfg = Debug|Any CPU
		{C8C390C2-28BD-4A61-8401-7895BEDE3145}.AppStore|x86.Build.0 = Debug|Any CPU
		{C8C390C2-28BD-4A61-8401-7895BEDE3145}.Debug|Any CPU.ActiveCfg = Debug|Any CPU
		{C8C390C2-28BD-4A61-8401-7895BEDE3145}.Debug|Any CPU.Build.0 = Debug|Any CPU
		{C8C390C2-28BD-4A61-8401-7895BEDE3145}.Debug|ARM.ActiveCfg = Debug|Any CPU
		{C8C390C2-28BD-4A61-8401-7895BEDE3145}.Debug|ARM.Build.0 = Debug|Any CPU
		{C8C390C2-28BD-4A61-8401-7895BEDE3145}.Debug|iPhone.ActiveCfg = Debug|Any CPU
		{C8C390C2-28BD-4A61-8401-7895BEDE3145}.Debug|iPhone.Build.0 = Debug|Any CPU
		{C8C390C2-28BD-4A61-8401-7895BEDE3145}.Debug|iPhoneSimulator.ActiveCfg = Debug|Any CPU
		{C8C390C2-28BD-4A61-8401-7895BEDE3145}.Debug|iPhoneSimulator.Build.0 = Debug|Any CPU
		{C8C390C2-28BD-4A61-8401-7895BEDE3145}.Debug|x64.ActiveCfg = Debug|Any CPU
		{C8C390C2-28BD-4A61-8401-7895BEDE3145}.Debug|x64.Build.0 = Debug|Any CPU
		{C8C390C2-28BD-4A61-8401-7895BEDE3145}.Debug|x86.ActiveCfg = Debug|Any CPU
		{C8C390C2-28BD-4A61-8401-7895BEDE3145}.Debug|x86.Build.0 = Debug|Any CPU
		{C8C390C2-28BD-4A61-8401-7895BEDE3145}.Release|Any CPU.ActiveCfg = Release|Any CPU
		{C8C390C2-28BD-4A61-8401-7895BEDE3145}.Release|Any CPU.Build.0 = Release|Any CPU
		{C8C390C2-28BD-4A61-8401-7895BEDE3145}.Release|ARM.ActiveCfg = Release|Any CPU
		{C8C390C2-28BD-4A61-8401-7895BEDE3145}.Release|ARM.Build.0 = Release|Any CPU
		{C8C390C2-28BD-4A61-8401-7895BEDE3145}.Release|iPhone.ActiveCfg = Release|Any CPU
		{C8C390C2-28BD-4A61-8401-7895BEDE3145}.Release|iPhone.Build.0 = Release|Any CPU
		{C8C390C2-28BD-4A61-8401-7895BEDE3145}.Release|iPhoneSimulator.ActiveCfg = Release|Any CPU
		{C8C390C2-28BD-4A61-8401-7895BEDE3145}.Release|iPhoneSimulator.Build.0 = Release|Any CPU
		{C8C390C2-28BD-4A61-8401-7895BEDE3145}.Release|x64.ActiveCfg = Release|Any CPU
		{C8C390C2-28BD-4A61-8401-7895BEDE3145}.Release|x64.Build.0 = Release|Any CPU
		{C8C390C2-28BD-4A61-8401-7895BEDE3145}.Release|x86.ActiveCfg = Release|Any CPU
		{C8C390C2-28BD-4A61-8401-7895BEDE3145}.Release|x86.Build.0 = Release|Any CPU
		{4F414718-4E50-402A-A543-998930BB6BD8}.Ad-Hoc|Any CPU.ActiveCfg = Debug|Any CPU
		{4F414718-4E50-402A-A543-998930BB6BD8}.Ad-Hoc|Any CPU.Build.0 = Debug|Any CPU
		{4F414718-4E50-402A-A543-998930BB6BD8}.Ad-Hoc|ARM.ActiveCfg = Debug|Any CPU
		{4F414718-4E50-402A-A543-998930BB6BD8}.Ad-Hoc|ARM.Build.0 = Debug|Any CPU
		{4F414718-4E50-402A-A543-998930BB6BD8}.Ad-Hoc|iPhone.ActiveCfg = Debug|Any CPU
		{4F414718-4E50-402A-A543-998930BB6BD8}.Ad-Hoc|iPhone.Build.0 = Debug|Any CPU
		{4F414718-4E50-402A-A543-998930BB6BD8}.Ad-Hoc|iPhoneSimulator.ActiveCfg = Debug|Any CPU
		{4F414718-4E50-402A-A543-998930BB6BD8}.Ad-Hoc|iPhoneSimulator.Build.0 = Debug|Any CPU
		{4F414718-4E50-402A-A543-998930BB6BD8}.Ad-Hoc|x64.ActiveCfg = Debug|Any CPU
		{4F414718-4E50-402A-A543-998930BB6BD8}.Ad-Hoc|x64.Build.0 = Debug|Any CPU
		{4F414718-4E50-402A-A543-998930BB6BD8}.Ad-Hoc|x86.ActiveCfg = Debug|Any CPU
		{4F414718-4E50-402A-A543-998930BB6BD8}.Ad-Hoc|x86.Build.0 = Debug|Any CPU
		{4F414718-4E50-402A-A543-998930BB6BD8}.AppStore|Any CPU.ActiveCfg = Debug|Any CPU
		{4F414718-4E50-402A-A543-998930BB6BD8}.AppStore|Any CPU.Build.0 = Debug|Any CPU
		{4F414718-4E50-402A-A543-998930BB6BD8}.AppStore|ARM.ActiveCfg = Debug|Any CPU
		{4F414718-4E50-402A-A543-998930BB6BD8}.AppStore|ARM.Build.0 = Debug|Any CPU
		{4F414718-4E50-402A-A543-998930BB6BD8}.AppStore|iPhone.ActiveCfg = Debug|Any CPU
		{4F414718-4E50-402A-A543-998930BB6BD8}.AppStore|iPhone.Build.0 = Debug|Any CPU
		{4F414718-4E50-402A-A543-998930BB6BD8}.AppStore|iPhoneSimulator.ActiveCfg = Debug|Any CPU
		{4F414718-4E50-402A-A543-998930BB6BD8}.AppStore|iPhoneSimulator.Build.0 = Debug|Any CPU
		{4F414718-4E50-402A-A543-998930BB6BD8}.AppStore|x64.ActiveCfg = Debug|Any CPU
		{4F414718-4E50-402A-A543-998930BB6BD8}.AppStore|x64.Build.0 = Debug|Any CPU
		{4F414718-4E50-402A-A543-998930BB6BD8}.AppStore|x86.ActiveCfg = Debug|Any CPU
		{4F414718-4E50-402A-A543-998930BB6BD8}.AppStore|x86.Build.0 = Debug|Any CPU
		{4F414718-4E50-402A-A543-998930BB6BD8}.Debug|Any CPU.ActiveCfg = Debug|Any CPU
		{4F414718-4E50-402A-A543-998930BB6BD8}.Debug|Any CPU.Build.0 = Debug|Any CPU
		{4F414718-4E50-402A-A543-998930BB6BD8}.Debug|ARM.ActiveCfg = Debug|Any CPU
		{4F414718-4E50-402A-A543-998930BB6BD8}.Debug|ARM.Build.0 = Debug|Any CPU
		{4F414718-4E50-402A-A543-998930BB6BD8}.Debug|iPhone.ActiveCfg = Debug|Any CPU
		{4F414718-4E50-402A-A543-998930BB6BD8}.Debug|iPhone.Build.0 = Debug|Any CPU
		{4F414718-4E50-402A-A543-998930BB6BD8}.Debug|iPhoneSimulator.ActiveCfg = Debug|Any CPU
		{4F414718-4E50-402A-A543-998930BB6BD8}.Debug|iPhoneSimulator.Build.0 = Debug|Any CPU
		{4F414718-4E50-402A-A543-998930BB6BD8}.Debug|x64.ActiveCfg = Debug|Any CPU
		{4F414718-4E50-402A-A543-998930BB6BD8}.Debug|x64.Build.0 = Debug|Any CPU
		{4F414718-4E50-402A-A543-998930BB6BD8}.Debug|x86.ActiveCfg = Debug|Any CPU
		{4F414718-4E50-402A-A543-998930BB6BD8}.Debug|x86.Build.0 = Debug|Any CPU
		{4F414718-4E50-402A-A543-998930BB6BD8}.Release|Any CPU.ActiveCfg = Release|Any CPU
		{4F414718-4E50-402A-A543-998930BB6BD8}.Release|Any CPU.Build.0 = Release|Any CPU
		{4F414718-4E50-402A-A543-998930BB6BD8}.Release|ARM.ActiveCfg = Release|Any CPU
		{4F414718-4E50-402A-A543-998930BB6BD8}.Release|ARM.Build.0 = Release|Any CPU
		{4F414718-4E50-402A-A543-998930BB6BD8}.Release|iPhone.ActiveCfg = Release|Any CPU
		{4F414718-4E50-402A-A543-998930BB6BD8}.Release|iPhone.Build.0 = Release|Any CPU
		{4F414718-4E50-402A-A543-998930BB6BD8}.Release|iPhoneSimulator.ActiveCfg = Release|Any CPU
		{4F414718-4E50-402A-A543-998930BB6BD8}.Release|iPhoneSimulator.Build.0 = Release|Any CPU
		{4F414718-4E50-402A-A543-998930BB6BD8}.Release|x64.ActiveCfg = Release|Any CPU
		{4F414718-4E50-402A-A543-998930BB6BD8}.Release|x64.Build.0 = Release|Any CPU
		{4F414718-4E50-402A-A543-998930BB6BD8}.Release|x86.ActiveCfg = Release|Any CPU
		{4F414718-4E50-402A-A543-998930BB6BD8}.Release|x86.Build.0 = Release|Any CPU
	EndGlobalSection
	GlobalSection(SolutionProperties) = preSolution
		HideSolutionNode = FALSE
	EndGlobalSection
	GlobalSection(NestedProjects) = preSolution
		{CDB86120-97A5-42AB-BA21-9421830589B0} = {54FE2BEE-54B0-420C-94EE-96C2841B6E3C}
		{6F3DB23F-66B6-4F29-9E34-FB3C8DA8C6B5} = {7778B23A-D79C-4927-8A7E-ABC015A4D00D}
		{BA87E449-3FA8-4EAD-8F6D-6D243AA15350} = {7778B23A-D79C-4927-8A7E-ABC015A4D00D}
		{8FC08315-6207-4DCC-AC22-1C189AE263D0} = {7778B23A-D79C-4927-8A7E-ABC015A4D00D}
		{C8C390C2-28BD-4A61-8401-7895BEDE3145} = {7778B23A-D79C-4927-8A7E-ABC015A4D00D}
		{4F414718-4E50-402A-A543-998930BB6BD8} = {89D4AE81-99DE-4522-AA07-80E74CF68851}
	EndGlobalSection
	GlobalSection(ExtensibilityGlobals) = postSolution
		SolutionGuid = {D5EA4B12-D624-44C9-AF76-F4354965F0ED}
	EndGlobalSection
EndGlobal
